
Microsoft Visual Studio Solution File, Format Version 12.00
# Visual Studio Version 17
VisualStudioVersion = 17.12.35527.113 d17.12
MinimumVisualStudioVersion = 10.0.40219.1
Project("{2150E333-8FDC-42A3-9474-1A3956D46DE8}") = "Core", "Core", "{4D90B29A-36D1-4BF7-85AD-B8F075AF8C37}"
EndProject
Project("{FAE04EC0-301F-11D3-BF4B-00C04F79EFBC}") = "Cargo.Domain", "Core\Cargo.Domain\Cargo.Domain.csproj", "{11540B91-587E-4B9D-979D-3E8D71FBE429}"
EndProject
Global
	GlobalSection(SolutionConfigurationPlatforms) = preSolution
		Debug|Any CPU = Debug|Any CPU
		Release|Any CPU = Release|Any CPU
	EndGlobalSection
	GlobalSection(ProjectConfigurationPlatforms) = postSolution
		{11540B91-587E-4B9D-979D-3E8D71FBE429}.Debug|Any CPU.ActiveCfg = Debug|Any CPU
		{11540B91-587E-4B9D-979D-3E8D71FBE429}.Debug|Any CPU.Build.0 = Debug|Any CPU
		{11540B91-587E-4B9D-979D-3E8D71FBE429}.Release|Any CPU.ActiveCfg = Release|Any CPU
		{11540B91-587E-4B9D-979D-3E8D71FBE429}.Release|Any CPU.Build.0 = Release|Any CPU
	EndGlobalSection
	GlobalSection(SolutionProperties) = preSolution
		HideSolutionNode = FALSE
	EndGlobalSection
	GlobalSection(NestedProjects) = preSolution
		{11540B91-587E-4B9D-979D-3E8D71FBE429} = {4D90B29A-36D1-4BF7-85AD-B8F075AF8C37}
	EndGlobalSection
EndGlobal
